
Microsoft Visual Studio Solution File, Format Version 12.00
# Visual Studio Version 16
VisualStudioVersion = 25.0.1704.0
MinimumVisualStudioVersion = 10.0.40219.1
Project("{FAE04EC0-301F-11D3-BF4B-00C04F79EFBC}") = "todo-api", "todo-api\todo-api.csproj", "{41E2F108-1613-46FB-8381-EE0BA55B5671}"
EndProject
Global
	GlobalSection(SolutionConfigurationPlatforms) = preSolution
		Debug|Any CPU = Debug|Any CPU
		Release|Any CPU = Release|Any CPU
	EndGlobalSection
	GlobalSection(ProjectConfigurationPlatforms) = postSolution
		{41E2F108-1613-46FB-8381-EE0BA55B5671}.Debug|Any CPU.ActiveCfg = Debug|Any CPU
		{41E2F108-1613-46FB-8381-EE0BA55B5671}.Debug|Any CPU.Build.0 = Debug|Any CPU
		{41E2F108-1613-46FB-8381-EE0BA55B5671}.Release|Any CPU.ActiveCfg = Release|Any CPU
		{41E2F108-1613-46FB-8381-EE0BA55B5671}.Release|Any CPU.Build.0 = Release|Any CPU
	EndGlobalSection
	GlobalSection(SolutionProperties) = preSolution
		HideSolutionNode = FALSE
	EndGlobalSection
	GlobalSection(ExtensibilityGlobals) = postSolution
		SolutionGuid = {B45E37A8-A4AF-4B97-9466-425D2EF00BFF}
	EndGlobalSection
EndGlobal
